
Microsoft Visual Studio Solution File, Format Version 12.00
# Visual Studio 15
VisualStudioVersion = 15.0.26730.16
MinimumVisualStudioVersion = 10.0.40219.1
Project("{9A19103F-16F7-4668-BE54-9A1E7A4F7556}") = "MyBusiness", "Business\MyBusiness\MyBusiness.csproj", "{283C4532-C81C-4F70-B270-3EDEC3DEE20F}"
EndProject
Project("{2150E333-8FDC-42A3-9474-1A3956D46DE8}") = "Business", "Business", "{6A37BE77-A192-4D7F-B914-71A9E1A43D1F}"
EndProject
Project("{9A19103F-16F7-4668-BE54-9A1E7A4F7556}") = "Utils", "Business\Utils\Utils.csproj", "{09FB5F94-76CE-4AF2-B7B2-490F510D6D82}"
EndProject
Project("{2150E333-8FDC-42A3-9474-1A3956D46DE8}") = "Sites", "Sites", "{842055E3-1AA6-4F5E-9730-958EBC804DEE}"
EndProject
Project("{9A19103F-16F7-4668-BE54-9A1E7A4F7556}") = "ConsoleApp1", "ConsoleApp1\ConsoleApp1.csproj", "{DEF9180B-71F2-40E6-B2AB-F6CE3F716A05}"
EndProject
Project("{2150E333-8FDC-42A3-9474-1A3956D46DE8}") = "Consoles", "Consoles", "{3632F44F-A912-47EC-95FB-3AF051B43114}"
EndProject
Project("{FAE04EC0-301F-11D3-BF4B-00C04F79EFBC}") = "MyGallery", "MyGallery\MyGallery.csproj", "{6E7DD1DE-8D29-4E3C-9C0D-2AB91A541124}"
EndProject
Project("{FAE04EC0-301F-11D3-BF4B-00C04F79EFBC}") = "WebAppExample", "WebAppExample\WebAppExample.csproj", "{158F29CE-C1FF-4B41-857E-1FA75BA5E453}"
EndProject
Global
	GlobalSection(SolutionConfigurationPlatforms) = preSolution
		Debug|Any CPU = Debug|Any CPU
		Release|Any CPU = Release|Any CPU
	EndGlobalSection
	GlobalSection(ProjectConfigurationPlatforms) = postSolution
		{283C4532-C81C-4F70-B270-3EDEC3DEE20F}.Debug|Any CPU.ActiveCfg = Debug|Any CPU
		{283C4532-C81C-4F70-B270-3EDEC3DEE20F}.Debug|Any CPU.Build.0 = Debug|Any CPU
		{283C4532-C81C-4F70-B270-3EDEC3DEE20F}.Release|Any CPU.ActiveCfg = Release|Any CPU
		{283C4532-C81C-4F70-B270-3EDEC3DEE20F}.Release|Any CPU.Build.0 = Release|Any CPU
		{09FB5F94-76CE-4AF2-B7B2-490F510D6D82}.Debug|Any CPU.ActiveCfg = Debug|Any CPU
		{09FB5F94-76CE-4AF2-B7B2-490F510D6D82}.Debug|Any CPU.Build.0 = Debug|Any CPU
		{09FB5F94-76CE-4AF2-B7B2-490F510D6D82}.Release|Any CPU.ActiveCfg = Release|Any CPU
		{09FB5F94-76CE-4AF2-B7B2-490F510D6D82}.Release|Any CPU.Build.0 = Release|Any CPU
		{DEF9180B-71F2-40E6-B2AB-F6CE3F716A05}.Debug|Any CPU.ActiveCfg = Debug|Any CPU
		{DEF9180B-71F2-40E6-B2AB-F6CE3F716A05}.Debug|Any CPU.Build.0 = Debug|Any CPU
		{DEF9180B-71F2-40E6-B2AB-F6CE3F716A05}.Release|Any CPU.ActiveCfg = Release|Any CPU
		{DEF9180B-71F2-40E6-B2AB-F6CE3F716A05}.Release|Any CPU.Build.0 = Release|Any CPU
		{6E7DD1DE-8D29-4E3C-9C0D-2AB91A541124}.Debug|Any CPU.ActiveCfg = Debug|Any CPU
		{6E7DD1DE-8D29-4E3C-9C0D-2AB91A541124}.Debug|Any CPU.Build.0 = Debug|Any CPU
		{6E7DD1DE-8D29-4E3C-9C0D-2AB91A541124}.Release|Any CPU.ActiveCfg = Release|Any CPU
		{6E7DD1DE-8D29-4E3C-9C0D-2AB91A541124}.Release|Any CPU.Build.0 = Release|Any CPU
		{158F29CE-C1FF-4B41-857E-1FA75BA5E453}.Debug|Any CPU.ActiveCfg = Debug|Any CPU
		{158F29CE-C1FF-4B41-857E-1FA75BA5E453}.Debug|Any CPU.Build.0 = Debug|Any CPU
		{158F29CE-C1FF-4B41-857E-1FA75BA5E453}.Release|Any CPU.ActiveCfg = Release|Any CPU
		{158F29CE-C1FF-4B41-857E-1FA75BA5E453}.Release|Any CPU.Build.0 = Release|Any CPU
	EndGlobalSection
	GlobalSection(SolutionProperties) = preSolution
		HideSolutionNode = FALSE
	EndGlobalSection
	GlobalSection(NestedProjects) = preSolution
		{283C4532-C81C-4F70-B270-3EDEC3DEE20F} = {6A37BE77-A192-4D7F-B914-71A9E1A43D1F}
		{09FB5F94-76CE-4AF2-B7B2-490F510D6D82} = {6A37BE77-A192-4D7F-B914-71A9E1A43D1F}
		{DEF9180B-71F2-40E6-B2AB-F6CE3F716A05} = {3632F44F-A912-47EC-95FB-3AF051B43114}
		{6E7DD1DE-8D29-4E3C-9C0D-2AB91A541124} = {842055E3-1AA6-4F5E-9730-958EBC804DEE}
		{158F29CE-C1FF-4B41-857E-1FA75BA5E453} = {842055E3-1AA6-4F5E-9730-958EBC804DEE}
	EndGlobalSection
	GlobalSection(ExtensibilityGlobals) = postSolution
		SolutionGuid = {1CD5D4D4-9A32-4C3E-B484-8136CC0242D0}
	EndGlobalSection
EndGlobal
