
Microsoft Visual Studio Solution File, Format Version 12.00
# Visual Studio 15
VisualStudioVersion = 15.0.26730.16
MinimumVisualStudioVersion = 10.0.40219.1
Project("{9A19103F-16F7-4668-BE54-9A1E7A4F7556}") = "MyGallery", "MyGallery\MyGallery.csproj", "{6E7DD1DE-8D29-4E3C-9C0D-2AB91A541124}"
EndProject
Project("{9A19103F-16F7-4668-BE54-9A1E7A4F7556}") = "GalleryShop.Business", "GalleryShop.Business\GalleryShop.Business.csproj", "{178CFA63-D099-494B-B93A-EFA33BF753C6}"
EndProject
Project("{9A19103F-16F7-4668-BE54-9A1E7A4F7556}") = "GalleryShop.Domain", "GalleryShop.Domain\GalleryShop.Domain.csproj", "{DF9331E3-48BB-4B2D-AB27-60FB3B2AC0F8}"
EndProject
Project("{9A19103F-16F7-4668-BE54-9A1E7A4F7556}") = "GalleryShop.Api", "GalleryShop.Api\GalleryShop.Api.csproj", "{4591F1F8-7F09-4E76-8E91-1A5175D4C442}"
EndProject
Project("{9A19103F-16F7-4668-BE54-9A1E7A4F7556}") = "GalleryShop.Site", "GalleryShop.Site\GalleryShop.Site.csproj", "{CB1A0978-3BF3-4562-A024-731E3F59DDF1}"
EndProject
Global
	GlobalSection(SolutionConfigurationPlatforms) = preSolution
		Debug|Any CPU = Debug|Any CPU
		Release|Any CPU = Release|Any CPU
	EndGlobalSection
	GlobalSection(ProjectConfigurationPlatforms) = postSolution
		{6E7DD1DE-8D29-4E3C-9C0D-2AB91A541124}.Debug|Any CPU.ActiveCfg = Debug|Any CPU
		{6E7DD1DE-8D29-4E3C-9C0D-2AB91A541124}.Debug|Any CPU.Build.0 = Debug|Any CPU
		{6E7DD1DE-8D29-4E3C-9C0D-2AB91A541124}.Release|Any CPU.ActiveCfg = Release|Any CPU
		{6E7DD1DE-8D29-4E3C-9C0D-2AB91A541124}.Release|Any CPU.Build.0 = Release|Any CPU
		{178CFA63-D099-494B-B93A-EFA33BF753C6}.Debug|Any CPU.ActiveCfg = Debug|Any CPU
		{178CFA63-D099-494B-B93A-EFA33BF753C6}.Debug|Any CPU.Build.0 = Debug|Any CPU
		{178CFA63-D099-494B-B93A-EFA33BF753C6}.Release|Any CPU.ActiveCfg = Release|Any CPU
		{178CFA63-D099-494B-B93A-EFA33BF753C6}.Release|Any CPU.Build.0 = Release|Any CPU
		{DF9331E3-48BB-4B2D-AB27-60FB3B2AC0F8}.Debug|Any CPU.ActiveCfg = Debug|Any CPU
		{DF9331E3-48BB-4B2D-AB27-60FB3B2AC0F8}.Debug|Any CPU.Build.0 = Debug|Any CPU
		{DF9331E3-48BB-4B2D-AB27-60FB3B2AC0F8}.Release|Any CPU.ActiveCfg = Release|Any CPU
		{DF9331E3-48BB-4B2D-AB27-60FB3B2AC0F8}.Release|Any CPU.Build.0 = Release|Any CPU
		{4591F1F8-7F09-4E76-8E91-1A5175D4C442}.Debug|Any CPU.ActiveCfg = Debug|Any CPU
		{4591F1F8-7F09-4E76-8E91-1A5175D4C442}.Debug|Any CPU.Build.0 = Debug|Any CPU
		{4591F1F8-7F09-4E76-8E91-1A5175D4C442}.Release|Any CPU.ActiveCfg = Release|Any CPU
		{4591F1F8-7F09-4E76-8E91-1A5175D4C442}.Release|Any CPU.Build.0 = Release|Any CPU
		{CB1A0978-3BF3-4562-A024-731E3F59DDF1}.Debug|Any CPU.ActiveCfg = Debug|Any CPU
		{CB1A0978-3BF3-4562-A024-731E3F59DDF1}.Debug|Any CPU.Build.0 = Debug|Any CPU
		{CB1A0978-3BF3-4562-A024-731E3F59DDF1}.Release|Any CPU.ActiveCfg = Release|Any CPU
		{CB1A0978-3BF3-4562-A024-731E3F59DDF1}.Release|Any CPU.Build.0 = Release|Any CPU
	EndGlobalSection
	GlobalSection(SolutionProperties) = preSolution
		HideSolutionNode = FALSE
	EndGlobalSection
	GlobalSection(ExtensibilityGlobals) = postSolution
		SolutionGuid = {1CD5D4D4-9A32-4C3E-B484-8136CC0242D0}
	EndGlobalSection
EndGlobal
